
Microsoft Visual Studio Solution File, Format Version 12.00
# Visual Studio Version 16
VisualStudioVersion = 16.0.28803.452
MinimumVisualStudioVersion = 10.0.40219.1
Project("{9A19103F-16F7-4668-BE54-9A1E7A4F7556}") = "FitnessTracker.Common", "FitnessTracker.Common\FitnessTracker.Common.csproj", "{481E39AE-5D81-4758-B0E2-E2089BD4ED1A}"
EndProject
Project("{9A19103F-16F7-4668-BE54-9A1E7A4F7556}") = "FitnessTrackerAPI", "FitnessTrackerAPI\FitnessTrackerAPI.csproj", "{A266E27A-DD7C-4887-9152-12DAB0371ACA}"
EndProject
Project("{9A19103F-16F7-4668-BE54-9A1E7A4F7556}") = "FitnessTrackerClient", "FitnessTrackerClient\FitnessTrackerClient.csproj", "{ACC7FEF3-C273-485C-863A-F50771EE5054}"
EndProject
Global
	GlobalSection(SolutionConfigurationPlatforms) = preSolution
		Debug|Any CPU = Debug|Any CPU
		Debug|x64 = Debug|x64
		Release|Any CPU = Release|Any CPU
		Release|x64 = Release|x64
	EndGlobalSection
	GlobalSection(ProjectConfigurationPlatforms) = postSolution
		{481E39AE-5D81-4758-B0E2-E2089BD4ED1A}.Debug|Any CPU.ActiveCfg = Debug|Any CPU
		{481E39AE-5D81-4758-B0E2-E2089BD4ED1A}.Debug|Any CPU.Build.0 = Debug|Any CPU
		{481E39AE-5D81-4758-B0E2-E2089BD4ED1A}.Debug|x64.ActiveCfg = Debug|Any CPU
		{481E39AE-5D81-4758-B0E2-E2089BD4ED1A}.Debug|x64.Build.0 = Debug|Any CPU
		{481E39AE-5D81-4758-B0E2-E2089BD4ED1A}.Release|Any CPU.ActiveCfg = Release|Any CPU
		{481E39AE-5D81-4758-B0E2-E2089BD4ED1A}.Release|Any CPU.Build.0 = Release|Any CPU
		{481E39AE-5D81-4758-B0E2-E2089BD4ED1A}.Release|x64.ActiveCfg = Release|Any CPU
		{481E39AE-5D81-4758-B0E2-E2089BD4ED1A}.Release|x64.Build.0 = Release|Any CPU
		{A266E27A-DD7C-4887-9152-12DAB0371ACA}.Debug|Any CPU.ActiveCfg = Debug|Any CPU
		{A266E27A-DD7C-4887-9152-12DAB0371ACA}.Debug|Any CPU.Build.0 = Debug|Any CPU
		{A266E27A-DD7C-4887-9152-12DAB0371ACA}.Debug|x64.ActiveCfg = Debug|x64
		{A266E27A-DD7C-4887-9152-12DAB0371ACA}.Debug|x64.Build.0 = Debug|x64
		{A266E27A-DD7C-4887-9152-12DAB0371ACA}.Release|Any CPU.ActiveCfg = Release|Any CPU
		{A266E27A-DD7C-4887-9152-12DAB0371ACA}.Release|Any CPU.Build.0 = Release|Any CPU
		{A266E27A-DD7C-4887-9152-12DAB0371ACA}.Release|x64.ActiveCfg = Release|x64
		{A266E27A-DD7C-4887-9152-12DAB0371ACA}.Release|x64.Build.0 = Release|x64
		{ACC7FEF3-C273-485C-863A-F50771EE5054}.Debug|Any CPU.ActiveCfg = Debug|Any CPU
		{ACC7FEF3-C273-485C-863A-F50771EE5054}.Debug|Any CPU.Build.0 = Debug|Any CPU
		{ACC7FEF3-C273-485C-863A-F50771EE5054}.Debug|x64.ActiveCfg = Debug|Any CPU
		{ACC7FEF3-C273-485C-863A-F50771EE5054}.Debug|x64.Build.0 = Debug|Any CPU
		{ACC7FEF3-C273-485C-863A-F50771EE5054}.Release|Any CPU.ActiveCfg = Release|Any CPU
		{ACC7FEF3-C273-485C-863A-F50771EE5054}.Release|Any CPU.Build.0 = Release|Any CPU
		{ACC7FEF3-C273-485C-863A-F50771EE5054}.Release|x64.ActiveCfg = Release|Any CPU
		{ACC7FEF3-C273-485C-863A-F50771EE5054}.Release|x64.Build.0 = Release|Any CPU
	EndGlobalSection
	GlobalSection(SolutionProperties) = preSolution
		HideSolutionNode = FALSE
	EndGlobalSection
	GlobalSection(ExtensibilityGlobals) = postSolution
		SolutionGuid = {E1341521-719E-48C0-AEFC-DA0D6AC620FC}
	EndGlobalSection
EndGlobal
